// !$*UTF8*$!
{
	archiveVersion = 1;
	classes = {
	};
	objectVersion = 46;
	objects = {

/* Begin PBXBuildFile section */
		58B5F5BB1F3AE544008DED7E /* UIBezierPath+curved.m in Sources */ = {isa = PBXBuildFile; fileRef = 58B5F5AE1F3AE289008DED7E /* UIBezierPath+curved.m */; };
		58B5F5BC1F3AE546008DED7E /* UIView+Addition.m in Sources */ = {isa = PBXBuildFile; fileRef = 58B5F5B01F3AE28A008DED7E /* UIView+Addition.m */; };
		58B5F5BE1F3AEF6C008DED7E /* source.json in Resources */ = {isa = PBXBuildFile; fileRef = 58B5F5BD1F3AEF6C008DED7E /* source.json */; };
		58DEA0C51F4C0109008199F0 /* MCKLinePositionModel.m in Sources */ = {isa = PBXBuildFile; fileRef = 58DEA0BC1F4C0108008199F0 /* MCKLinePositionModel.m */; };
		58DEA0C61F4C0109008199F0 /* MCKLineVolumePositionModel.m in Sources */ = {isa = PBXBuildFile; fileRef = 58DEA0BD1F4C0108008199F0 /* MCKLineVolumePositionModel.m */; };
		58DEA0C71F4C0109008199F0 /* MCKLineModel.m in Sources */ = {isa = PBXBuildFile; fileRef = 58DEA0C21F4C0108008199F0 /* MCKLineModel.m */; };
		58DEA0C81F4C0109008199F0 /* MCKLineGroupModel.m in Sources */ = {isa = PBXBuildFile; fileRef = 58DEA0C41F4C0109008199F0 /* MCKLineGroupModel.m */; };
		58DEA0CF1F4C0175008199F0 /* Y_StockChartGlobalVariable.m in Sources */ = {isa = PBXBuildFile; fileRef = 58DEA0CE1F4C0154008199F0 /* Y_StockChartGlobalVariable.m */; };
		58DEA0D01F4C0179008199F0 /* UIColor+Y_StockChart.m in Sources */ = {isa = PBXBuildFile; fileRef = 58DEA0CB1F4C0154008199F0 /* UIColor+Y_StockChart.m */; };
		58F978A51F38182000C756E4 /* main.m in Sources */ = {isa = PBXBuildFile; fileRef = 58F978A41F38182000C756E4 /* main.m */; };
		58F978A81F38182000C756E4 /* AppDelegate.m in Sources */ = {isa = PBXBuildFile; fileRef = 58F978A71F38182000C756E4 /* AppDelegate.m */; };
		58F978B01F38182000C756E4 /* Assets.xcassets in Resources */ = {isa = PBXBuildFile; fileRef = 58F978AF1F38182000C756E4 /* Assets.xcassets */; };
		58F978B31F38182000C756E4 /* LaunchScreen.storyboard in Resources */ = {isa = PBXBuildFile; fileRef = 58F978B11F38182000C756E4 /* LaunchScreen.storyboard */; };
		58F978BC1F38186800C756E4 /* ZKRootViewController.m in Sources */ = {isa = PBXBuildFile; fileRef = 58F978BB1F38186800C756E4 /* ZKRootViewController.m */; };
		58F9796A1F38304000C756E4 /* Global+Helper.m in Sources */ = {isa = PBXBuildFile; fileRef = 58F979401F38304000C756E4 /* Global+Helper.m */; };
		58F9796B1F38304000C756E4 /* data.plist in Resources */ = {isa = PBXBuildFile; fileRef = 58F979411F38304000C756E4 /* data.plist */; };
		58F9796C1F38304000C756E4 /* KLineListTransformer.m in Sources */ = {isa = PBXBuildFile; fileRef = 58F979451F38304000C756E4 /* KLineListTransformer.m */; };
		58F9796D1F38304000C756E4 /* ZKKLineItem.m in Sources */ = {isa = PBXBuildFile; fileRef = 58F979471F38304000C756E4 /* ZKKLineItem.m */; };
		58F9796E1F38304000C756E4 /* KLineChartView.m in Sources */ = {isa = PBXBuildFile; fileRef = 58F9794B1F38304000C756E4 /* KLineChartView.m */; };
		58F9796F1F38304000C756E4 /* KLineTipBoardView.m in Sources */ = {isa = PBXBuildFile; fileRef = 58F9794D1F38304000C756E4 /* KLineTipBoardView.m */; };
		58F979701F38304000C756E4 /* MATipView.m in Sources */ = {isa = PBXBuildFile; fileRef = 58F9794F1F38304000C756E4 /* MATipView.m */; };
		58F979711F38304000C756E4 /* StatusView.m in Sources */ = {isa = PBXBuildFile; fileRef = 58F979521F38304000C756E4 /* StatusView.m */; };
		58F979721F38304000C756E4 /* TipBoardView.m in Sources */ = {isa = PBXBuildFile; fileRef = 58F979551F38304000C756E4 /* TipBoardView.m */; };
		58F979731F38304000C756E4 /* TLineChartView.m in Sources */ = {isa = PBXBuildFile; fileRef = 58F979581F38304000C756E4 /* TLineChartView.m */; };
		58F979741F38304000C756E4 /* TLineTipBoardView.m in Sources */ = {isa = PBXBuildFile; fileRef = 58F9795A1F38304000C756E4 /* TLineTipBoardView.m */; };
		58F979751F38304000C756E4 /* VolumnView.m in Sources */ = {isa = PBXBuildFile; fileRef = 58F9795D1F38304000C756E4 /* VolumnView.m */; };
		AB26E2B785F6FE5E3AED116D /* libPods-ZKKLineDemo.a in Frameworks */ = {isa = PBXBuildFile; fileRef = 52B09A0CC9BE963C75FB1DC0 /* libPods-ZKKLineDemo.a */; };
/* End PBXBuildFile section */

/* Begin PBXFileReference section */
		07F17BE73EFFA96CC6DB34EA /* Pods-ZKKLineDemo.release.xcconfig */ = {isa = PBXFileReference; includeInIndex = 1; lastKnownFileType = text.xcconfig; name = "Pods-ZKKLineDemo.release.xcconfig"; path = "Pods/Target Support Files/Pods-ZKKLineDemo/Pods-ZKKLineDemo.release.xcconfig"; sourceTree = "<group>"; };
		52B09A0CC9BE963C75FB1DC0 /* libPods-ZKKLineDemo.a */ = {isa = PBXFileReference; explicitFileType = archive.ar; includeInIndex = 0; path = "libPods-ZKKLineDemo.a"; sourceTree = BUILT_PRODUCTS_DIR; };
		58B5F5AE1F3AE289008DED7E /* UIBezierPath+curved.m */ = {isa = PBXFileReference; lastKnownFileType = sourcecode.c.objc; path = "UIBezierPath+curved.m"; sourceTree = "<group>"; };
		58B5F5AF1F3AE28A008DED7E /* UIView+Addition.h */ = {isa = PBXFileReference; lastKnownFileType = sourcecode.c.h; path = "UIView+Addition.h"; sourceTree = "<group>"; };
		58B5F5B01F3AE28A008DED7E /* UIView+Addition.m */ = {isa = PBXFileReference; lastKnownFileType = sourcecode.c.objc; path = "UIView+Addition.m"; sourceTree = "<group>"; };
		58B5F5B11F3AE28A008DED7E /* UIBezierPath+curved.h */ = {isa = PBXFileReference; lastKnownFileType = sourcecode.c.h; path = "UIBezierPath+curved.h"; sourceTree = "<group>"; };
		58B5F5BD1F3AEF6C008DED7E /* source.json */ = {isa = PBXFileReference; lastKnownFileType = text.json; path = source.json; sourceTree = "<group>"; };
		58DEA0B81F4BFF02008199F0 /* NetWorking.h */ = {isa = PBXFileReference; lastKnownFileType = sourcecode.c.h; path = NetWorking.h; sourceTree = "<group>"; };
		58DEA0B91F4BFF02008199F0 /* NetWorking.m */ = {isa = PBXFileReference; lastKnownFileType = sourcecode.c.objc; path = NetWorking.m; sourceTree = "<group>"; };
		58DEA0BA1F4C0107008199F0 /* MCKLineVolumePositionModel.h */ = {isa = PBXFileReference; lastKnownFileType = sourcecode.c.h; path = MCKLineVolumePositionModel.h; sourceTree = "<group>"; };
		58DEA0BB1F4C0108008199F0 /* MCKLinePositionModel.h */ = {isa = PBXFileReference; lastKnownFileType = sourcecode.c.h; path = MCKLinePositionModel.h; sourceTree = "<group>"; };
		58DEA0BC1F4C0108008199F0 /* MCKLinePositionModel.m */ = {isa = PBXFileReference; lastKnownFileType = sourcecode.c.objc; path = MCKLinePositionModel.m; sourceTree = "<group>"; };
		58DEA0BD1F4C0108008199F0 /* MCKLineVolumePositionModel.m */ = {isa = PBXFileReference; lastKnownFileType = sourcecode.c.objc; path = MCKLineVolumePositionModel.m; sourceTree = "<group>"; };
		58DEA0BE1F4C0108008199F0 /* KDJ介绍.md */ = {isa = PBXFileReference; lastKnownFileType = net.daringfireball.markdown; path = "KDJ介绍.md"; sourceTree = "<group>"; };
		58DEA0BF1F4C0108008199F0 /* MA-EMA-MACD介绍.md */ = {isa = PBXFileReference; lastKnownFileType = net.daringfireball.markdown; path = "MA-EMA-MACD介绍.md"; sourceTree = "<group>"; };
		58DEA0C01F4C0108008199F0 /* MCKLineGroupModel.h */ = {isa = PBXFileReference; lastKnownFileType = sourcecode.c.h; path = MCKLineGroupModel.h; sourceTree = "<group>"; };
		58DEA0C11F4C0108008199F0 /* MCKLineModel.h */ = {isa = PBXFileReference; lastKnownFileType = sourcecode.c.h; path = MCKLineModel.h; sourceTree = "<group>"; };
		58DEA0C21F4C0108008199F0 /* MCKLineModel.m */ = {isa = PBXFileReference; lastKnownFileType = sourcecode.c.objc; path = MCKLineModel.m; sourceTree = "<group>"; };
		58DEA0C31F4C0108008199F0 /* 指标公式.md */ = {isa = PBXFileReference; lastKnownFileType = net.daringfireball.markdown; path = "指标公式.md"; sourceTree = "<group>"; };
		58DEA0C41F4C0109008199F0 /* MCKLineGroupModel.m */ = {isa = PBXFileReference; lastKnownFileType = sourcecode.c.objc; path = MCKLineGroupModel.m; sourceTree = "<group>"; };
		58DEA0CA1F4C0154008199F0 /* UIColor+Y_StockChart.h */ = {isa = PBXFileReference; lastKnownFileType = sourcecode.c.h; path = "UIColor+Y_StockChart.h"; sourceTree = "<group>"; };
		58DEA0CB1F4C0154008199F0 /* UIColor+Y_StockChart.m */ = {isa = PBXFileReference; lastKnownFileType = sourcecode.c.objc; path = "UIColor+Y_StockChart.m"; sourceTree = "<group>"; };
		58DEA0CC1F4C0154008199F0 /* Y_StockChartConstant.h */ = {isa = PBXFileReference; lastKnownFileType = sourcecode.c.h; path = Y_StockChartConstant.h; sourceTree = "<group>"; };
		58DEA0CD1F4C0154008199F0 /* Y_StockChartGlobalVariable.h */ = {isa = PBXFileReference; lastKnownFileType = sourcecode.c.h; path = Y_StockChartGlobalVariable.h; sourceTree = "<group>"; };
		58DEA0CE1F4C0154008199F0 /* Y_StockChartGlobalVariable.m */ = {isa = PBXFileReference; lastKnownFileType = sourcecode.c.objc; path = Y_StockChartGlobalVariable.m; sourceTree = "<group>"; };
		58F978A01F38182000C756E4 /* ZKKLineDemo.app */ = {isa = PBXFileReference; explicitFileType = wrapper.application; includeInIndex = 0; path = ZKKLineDemo.app; sourceTree = BUILT_PRODUCTS_DIR; };
		58F978A41F38182000C756E4 /* main.m */ = {isa = PBXFileReference; lastKnownFileType = sourcecode.c.objc; path = main.m; sourceTree = "<group>"; };
		58F978A61F38182000C756E4 /* AppDelegate.h */ = {isa = PBXFileReference; lastKnownFileType = sourcecode.c.h; path = AppDelegate.h; sourceTree = "<group>"; };
		58F978A71F38182000C756E4 /* AppDelegate.m */ = {isa = PBXFileReference; lastKnownFileType = sourcecode.c.objc; path = AppDelegate.m; sourceTree = "<group>"; };
		58F978AF1F38182000C756E4 /* Assets.xcassets */ = {isa = PBXFileReference; lastKnownFileType = folder.assetcatalog; path = Assets.xcassets; sourceTree = "<group>"; };
		58F978B21F38182000C756E4 /* Base */ = {isa = PBXFileReference; lastKnownFileType = file.storyboard; name = Base; path = Base.lproj/LaunchScreen.storyboard; sourceTree = "<group>"; };
		58F978B41F38182000C756E4 /* Info.plist */ = {isa = PBXFileReference; lastKnownFileType = text.plist.xml; path = Info.plist; sourceTree = "<group>"; };
		58F978BA1F38186800C756E4 /* ZKRootViewController.h */ = {isa = PBXFileReference; fileEncoding = 4; lastKnownFileType = sourcecode.c.h; path = ZKRootViewController.h; sourceTree = "<group>"; };
		58F978BB1F38186800C756E4 /* ZKRootViewController.m */ = {isa = PBXFileReference; fileEncoding = 4; lastKnownFileType = sourcecode.c.objc; path = ZKRootViewController.m; sourceTree = "<group>"; };
		58F9791C1F38304000C756E4 /* ACMacros.h */ = {isa = PBXFileReference; fileEncoding = 4; lastKnownFileType = sourcecode.c.h; path = ACMacros.h; sourceTree = "<group>"; };
		58F9793F1F38304000C756E4 /* Global+Helper.h */ = {isa = PBXFileReference; fileEncoding = 4; lastKnownFileType = sourcecode.c.h; path = "Global+Helper.h"; sourceTree = "<group>"; };
		58F979401F38304000C756E4 /* Global+Helper.m */ = {isa = PBXFileReference; fileEncoding = 4; lastKnownFileType = sourcecode.c.objc; path = "Global+Helper.m"; sourceTree = "<group>"; };
		58F979411F38304000C756E4 /* data.plist */ = {isa = PBXFileReference; fileEncoding = 4; lastKnownFileType = text.plist.xml; path = data.plist; sourceTree = "<group>"; };
		58F979441F38304000C756E4 /* KLineListTransformer.h */ = {isa = PBXFileReference; fileEncoding = 4; lastKnownFileType = sourcecode.c.h; path = KLineListTransformer.h; sourceTree = "<group>"; };
		58F979451F38304000C756E4 /* KLineListTransformer.m */ = {isa = PBXFileReference; fileEncoding = 4; lastKnownFileType = sourcecode.c.objc; path = KLineListTransformer.m; sourceTree = "<group>"; };
		58F979461F38304000C756E4 /* ZKKLineItem.h */ = {isa = PBXFileReference; fileEncoding = 4; lastKnownFileType = sourcecode.c.h; path = ZKKLineItem.h; sourceTree = "<group>"; };
		58F979471F38304000C756E4 /* ZKKLineItem.m */ = {isa = PBXFileReference; fileEncoding = 4; lastKnownFileType = sourcecode.c.objc; path = ZKKLineItem.m; sourceTree = "<group>"; };
		58F9794A1F38304000C756E4 /* KLineChartView.h */ = {isa = PBXFileReference; fileEncoding = 4; lastKnownFileType = sourcecode.c.h; path = KLineChartView.h; sourceTree = "<group>"; };
		58F9794B1F38304000C756E4 /* KLineChartView.m */ = {isa = PBXFileReference; fileEncoding = 4; lastKnownFileType = sourcecode.c.objc; path = KLineChartView.m; sourceTree = "<group>"; };
		58F9794C1F38304000C756E4 /* KLineTipBoardView.h */ = {isa = PBXFileReference; fileEncoding = 4; lastKnownFileType = sourcecode.c.h; path = KLineTipBoardView.h; sourceTree = "<group>"; };
		58F9794D1F38304000C756E4 /* KLineTipBoardView.m */ = {isa = PBXFileReference; fileEncoding = 4; lastKnownFileType = sourcecode.c.objc; path = KLineTipBoardView.m; sourceTree = "<group>"; };
		58F9794E1F38304000C756E4 /* MATipView.h */ = {isa = PBXFileReference; fileEncoding = 4; lastKnownFileType = sourcecode.c.h; path = MATipView.h; sourceTree = "<group>"; };
		58F9794F1F38304000C756E4 /* MATipView.m */ = {isa = PBXFileReference; fileEncoding = 4; lastKnownFileType = sourcecode.c.objc; path = MATipView.m; sourceTree = "<group>"; };
		58F979511F38304000C756E4 /* StatusView.h */ = {isa = PBXFileReference; fileEncoding = 4; lastKnownFileType = sourcecode.c.h; path = StatusView.h; sourceTree = "<group>"; };
		58F979521F38304000C756E4 /* StatusView.m */ = {isa = PBXFileReference; fileEncoding = 4; lastKnownFileType = sourcecode.c.objc; path = StatusView.m; sourceTree = "<group>"; };
		58F979541F38304000C756E4 /* TipBoardView.h */ = {isa = PBXFileReference; fileEncoding = 4; lastKnownFileType = sourcecode.c.h; path = TipBoardView.h; sourceTree = "<group>"; };
		58F979551F38304000C756E4 /* TipBoardView.m */ = {isa = PBXFileReference; fileEncoding = 4; lastKnownFileType = sourcecode.c.objc; path = TipBoardView.m; sourceTree = "<group>"; };
		58F979571F38304000C756E4 /* TLineChartView.h */ = {isa = PBXFileReference; fileEncoding = 4; lastKnownFileType = sourcecode.c.h; path = TLineChartView.h; sourceTree = "<group>"; };
		58F979581F38304000C756E4 /* TLineChartView.m */ = {isa = PBXFileReference; fileEncoding = 4; lastKnownFileType = sourcecode.c.objc; path = TLineChartView.m; sourceTree = "<group>"; };
		58F979591F38304000C756E4 /* TLineTipBoardView.h */ = {isa = PBXFileReference; fileEncoding = 4; lastKnownFileType = sourcecode.c.h; path = TLineTipBoardView.h; sourceTree = "<group>"; };
		58F9795A1F38304000C756E4 /* TLineTipBoardView.m */ = {isa = PBXFileReference; fileEncoding = 4; lastKnownFileType = sourcecode.c.objc; path = TLineTipBoardView.m; sourceTree = "<group>"; };
		58F9795C1F38304000C756E4 /* VolumnView.h */ = {isa = PBXFileReference; fileEncoding = 4; lastKnownFileType = sourcecode.c.h; path = VolumnView.h; sourceTree = "<group>"; };
		58F9795D1F38304000C756E4 /* VolumnView.m */ = {isa = PBXFileReference; fileEncoding = 4; lastKnownFileType = sourcecode.c.objc; path = VolumnView.m; sourceTree = "<group>"; };
		ED8965BAFB928DF0A7BF814B /* Pods-ZKKLineDemo.debug.xcconfig */ = {isa = PBXFileReference; includeInIndex = 1; lastKnownFileType = text.xcconfig; name = "Pods-ZKKLineDemo.debug.xcconfig"; path = "Pods/Target Support Files/Pods-ZKKLineDemo/Pods-ZKKLineDemo.debug.xcconfig"; sourceTree = "<group>"; };
/* End PBXFileReference section */

/* Begin PBXFrameworksBuildPhase section */
		58F9789D1F38182000C756E4 /* Frameworks */ = {
			isa = PBXFrameworksBuildPhase;
			buildActionMask = 2147483647;
			files = (
				AB26E2B785F6FE5E3AED116D /* libPods-ZKKLineDemo.a in Frameworks */,
			);
			runOnlyForDeploymentPostprocessing = 0;
		};
/* End PBXFrameworksBuildPhase section */

/* Begin PBXGroup section */
		10E9289B8A3D44BD596867EC /* Pods */ = {
			isa = PBXGroup;
			children = (
				ED8965BAFB928DF0A7BF814B /* Pods-ZKKLineDemo.debug.xcconfig */,
				07F17BE73EFFA96CC6DB34EA /* Pods-ZKKLineDemo.release.xcconfig */,
			);
			name = Pods;
			sourceTree = "<group>";
		};
		58B5F5A71F3ADBB9008DED7E /* Categories */ = {
			isa = PBXGroup;
			children = (
				58B5F5B11F3AE28A008DED7E /* UIBezierPath+curved.h */,
				58B5F5AE1F3AE289008DED7E /* UIBezierPath+curved.m */,
				58B5F5AF1F3AE28A008DED7E /* UIView+Addition.h */,
				58B5F5B01F3AE28A008DED7E /* UIView+Addition.m */,
			);
			path = Categories;
			sourceTree = "<group>";
		};
		58DEA0B61F4BFF02008199F0 /* Vendors */ = {
			isa = PBXGroup;
			children = (
				58DEA0B71F4BFF02008199F0 /* NetWorking */,
			);
			path = Vendors;
			sourceTree = "<group>";
		};
		58DEA0B71F4BFF02008199F0 /* NetWorking */ = {
			isa = PBXGroup;
			children = (
				58DEA0B81F4BFF02008199F0 /* NetWorking.h */,
				58DEA0B91F4BFF02008199F0 /* NetWorking.m */,
			);
			path = NetWorking;
			sourceTree = "<group>";
		};
		58DEA0C91F4C0154008199F0 /* Config */ = {
			isa = PBXGroup;
			children = (
				58DEA0CA1F4C0154008199F0 /* UIColor+Y_StockChart.h */,
				58DEA0CB1F4C0154008199F0 /* UIColor+Y_StockChart.m */,
				58DEA0CC1F4C0154008199F0 /* Y_StockChartConstant.h */,
				58DEA0CD1F4C0154008199F0 /* Y_StockChartGlobalVariable.h */,
				58DEA0CE1F4C0154008199F0 /* Y_StockChartGlobalVariable.m */,
			);
			path = Config;
			sourceTree = "<group>";
		};
		58F978971F38182000C756E4 = {
			isa = PBXGroup;
			children = (
				58F978A21F38182000C756E4 /* ZKKLineDemo */,
				58F978A11F38182000C756E4 /* Products */,
				10E9289B8A3D44BD596867EC /* Pods */,
				DF6D40ECEC8A0C111C54ED9F /* Frameworks */,
			);
			sourceTree = "<group>";
		};
		58F978A11F38182000C756E4 /* Products */ = {
			isa = PBXGroup;
			children = (
				58F978A01F38182000C756E4 /* ZKKLineDemo.app */,
			);
			name = Products;
			sourceTree = "<group>";
		};
		58F978A21F38182000C756E4 /* ZKKLineDemo */ = {
			isa = PBXGroup;
			children = (
				58F978A61F38182000C756E4 /* AppDelegate.h */,
				58F978A71F38182000C756E4 /* AppDelegate.m */,
				58F978BA1F38186800C756E4 /* ZKRootViewController.h */,
				58F978BB1F38186800C756E4 /* ZKRootViewController.m */,
				58F9791B1F38302800C756E4 /* ZKKLineChart */,
				58DEA0B61F4BFF02008199F0 /* Vendors */,
				58F978A31F38182000C756E4 /* Supporting Files */,
			);
			path = ZKKLineDemo;
			sourceTree = "<group>";
		};
		58F978A31F38182000C756E4 /* Supporting Files */ = {
			isa = PBXGroup;
			children = (
				58F978AF1F38182000C756E4 /* Assets.xcassets */,
				58F978B11F38182000C756E4 /* LaunchScreen.storyboard */,
				58F978B41F38182000C756E4 /* Info.plist */,
				58F978A41F38182000C756E4 /* main.m */,
			);
			name = "Supporting Files";
			sourceTree = "<group>";
		};
		58F9791B1F38302800C756E4 /* ZKKLineChart */ = {
			isa = PBXGroup;
			children = (
				58DEA0C91F4C0154008199F0 /* Config */,
				58F9791C1F38304000C756E4 /* ACMacros.h */,
				58B5F5A71F3ADBB9008DED7E /* Categories */,
				58F979241F38304000C756E4 /* Components */,
				58F979411F38304000C756E4 /* data.plist */,
				58F979421F38304000C756E4 /* Models */,
				58F979481F38304000C756E4 /* Views */,
				58B5F5BD1F3AEF6C008DED7E /* source.json */,
			);
			path = ZKKLineChart;
			sourceTree = "<group>";
		};
		58F979241F38304000C756E4 /* Components */ = {
			isa = PBXGroup;
			children = (
				58F9793E1F38304000C756E4 /* Utils */,
			);
			path = Components;
			sourceTree = "<group>";
		};
		58F9793E1F38304000C756E4 /* Utils */ = {
			isa = PBXGroup;
			children = (
				58F9793F1F38304000C756E4 /* Global+Helper.h */,
				58F979401F38304000C756E4 /* Global+Helper.m */,
			);
			path = Utils;
			sourceTree = "<group>";
		};
		58F979421F38304000C756E4 /* Models */ = {
			isa = PBXGroup;
			children = (
				58DEA0C31F4C0108008199F0 /* 指标公式.md */,
				58DEA0BE1F4C0108008199F0 /* KDJ介绍.md */,
				58DEA0BF1F4C0108008199F0 /* MA-EMA-MACD介绍.md */,
				58DEA0C01F4C0108008199F0 /* MCKLineGroupModel.h */,
				58DEA0C41F4C0109008199F0 /* MCKLineGroupModel.m */,
				58DEA0C11F4C0108008199F0 /* MCKLineModel.h */,
				58DEA0C21F4C0108008199F0 /* MCKLineModel.m */,
				58DEA0BB1F4C0108008199F0 /* MCKLinePositionModel.h */,
				58DEA0BC1F4C0108008199F0 /* MCKLinePositionModel.m */,
				58DEA0BA1F4C0107008199F0 /* MCKLineVolumePositionModel.h */,
				58DEA0BD1F4C0108008199F0 /* MCKLineVolumePositionModel.m */,
				58F979431F38304000C756E4 /* DataTransformers */,
				58F979461F38304000C756E4 /* ZKKLineItem.h */,
				58F979471F38304000C756E4 /* ZKKLineItem.m */,
			);
			path = Models;
			sourceTree = "<group>";
		};
		58F979431F38304000C756E4 /* DataTransformers */ = {
			isa = PBXGroup;
			children = (
				58F979441F38304000C756E4 /* KLineListTransformer.h */,
				58F979451F38304000C756E4 /* KLineListTransformer.m */,
			);
			path = DataTransformers;
			sourceTree = "<group>";
		};
		58F979481F38304000C756E4 /* Views */ = {
			isa = PBXGroup;
			children = (
				58F979491F38304000C756E4 /* KLine */,
				58F979501F38304000C756E4 /* StatusView */,
				58F979531F38304000C756E4 /* TipViews */,
				58F979561F38304000C756E4 /* TLine */,
				58F9795B1F38304000C756E4 /* VolumnView */,
			);
			path = Views;
			sourceTree = "<group>";
		};
		58F979491F38304000C756E4 /* KLine */ = {
			isa = PBXGroup;
			children = (
				58F9794A1F38304000C756E4 /* KLineChartView.h */,
				58F9794B1F38304000C756E4 /* KLineChartView.m */,
				58F9794C1F38304000C756E4 /* KLineTipBoardView.h */,
				58F9794D1F38304000C756E4 /* KLineTipBoardView.m */,
				58F9794E1F38304000C756E4 /* MATipView.h */,
				58F9794F1F38304000C756E4 /* MATipView.m */,
			);
			path = KLine;
			sourceTree = "<group>";
		};
		58F979501F38304000C756E4 /* StatusView */ = {
			isa = PBXGroup;
			children = (
				58F979511F38304000C756E4 /* StatusView.h */,
				58F979521F38304000C756E4 /* StatusView.m */,
			);
			path = StatusView;
			sourceTree = "<group>";
		};
		58F979531F38304000C756E4 /* TipViews */ = {
			isa = PBXGroup;
			children = (
				58F979541F38304000C756E4 /* TipBoardView.h */,
				58F979551F38304000C756E4 /* TipBoardView.m */,
			);
			path = TipViews;
			sourceTree = "<group>";
		};
		58F979561F38304000C756E4 /* TLine */ = {
			isa = PBXGroup;
			children = (
				58F979571F38304000C756E4 /* TLineChartView.h */,
				58F979581F38304000C756E4 /* TLineChartView.m */,
				58F979591F38304000C756E4 /* TLineTipBoardView.h */,
				58F9795A1F38304000C756E4 /* TLineTipBoardView.m */,
			);
			path = TLine;
			sourceTree = "<group>";
		};
		58F9795B1F38304000C756E4 /* VolumnView */ = {
			isa = PBXGroup;
			children = (
				58F9795C1F38304000C756E4 /* VolumnView.h */,
				58F9795D1F38304000C756E4 /* VolumnView.m */,
			);
			path = VolumnView;
			sourceTree = "<group>";
		};
		DF6D40ECEC8A0C111C54ED9F /* Frameworks */ = {
			isa = PBXGroup;
			children = (
				52B09A0CC9BE963C75FB1DC0 /* libPods-ZKKLineDemo.a */,
			);
			name = Frameworks;
			sourceTree = "<group>";
		};
/* End PBXGroup section */

/* Begin PBXNativeTarget section */
		58F9789F1F38182000C756E4 /* ZKKLineDemo */ = {
			isa = PBXNativeTarget;
			buildConfigurationList = 58F978B71F38182000C756E4 /* Build configuration list for PBXNativeTarget "ZKKLineDemo" */;
			buildPhases = (
				67F4B18FF2A9D0C60926C60D /* [CP] Check Pods Manifest.lock */,
				58F9789C1F38182000C756E4 /* Sources */,
				58F9789D1F38182000C756E4 /* Frameworks */,
				58F9789E1F38182000C756E4 /* Resources */,
				AA5EE229C3B869FAF26C1C5A /* [CP] Embed Pods Frameworks */,
				3F5F847B5E94FA3DFC39785E /* [CP] Copy Pods Resources */,
			);
			buildRules = (
			);
			dependencies = (
			);
			name = ZKKLineDemo;
			productName = ZKKLineDemo;
			productReference = 58F978A01F38182000C756E4 /* ZKKLineDemo.app */;
			productType = "com.apple.product-type.application";
		};
/* End PBXNativeTarget section */

/* Begin PBXProject section */
		58F978981F38182000C756E4 /* Project object */ = {
			isa = PBXProject;
			attributes = {
				LastUpgradeCheck = 0830;
				ORGANIZATIONNAME = ZhouKang;
				TargetAttributes = {
					58F9789F1F38182000C756E4 = {
						CreatedOnToolsVersion = 8.3.3;
						DevelopmentTeam = TE2958KSXV;
						ProvisioningStyle = Automatic;
					};
				};
			};
			buildConfigurationList = 58F9789B1F38182000C756E4 /* Build configuration list for PBXProject "ZKKLineDemo" */;
			compatibilityVersion = "Xcode 3.2";
			developmentRegion = English;
			hasScannedForEncodings = 0;
			knownRegions = (
				en,
				Base,
			);
			mainGroup = 58F978971F38182000C756E4;
			productRefGroup = 58F978A11F38182000C756E4 /* Products */;
			projectDirPath = "";
			projectRoot = "";
			targets = (
				58F9789F1F38182000C756E4 /* ZKKLineDemo */,
			);
		};
/* End PBXProject section */

/* Begin PBXResourcesBuildPhase section */
		58F9789E1F38182000C756E4 /* Resources */ = {
			isa = PBXResourcesBuildPhase;
			buildActionMask = 2147483647;
			files = (
				58B5F5BE1F3AEF6C008DED7E /* source.json in Resources */,
				58F9796B1F38304000C756E4 /* data.plist in Resources */,
				58F978B31F38182000C756E4 /* LaunchScreen.storyboard in Resources */,
				58F978B01F38182000C756E4 /* Assets.xcassets in Resources */,
			);
			runOnlyForDeploymentPostprocessing = 0;
		};
/* End PBXResourcesBuildPhase section */

/* Begin PBXShellScriptBuildPhase section */
		3F5F847B5E94FA3DFC39785E /* [CP] Copy Pods Resources */ = {
			isa = PBXShellScriptBuildPhase;
			buildActionMask = 2147483647;
			files = (
			);
			inputPaths = (
			);
			name = "[CP] Copy Pods Resources";
			outputPaths = (
			);
			runOnlyForDeploymentPostprocessing = 0;
			shellPath = /bin/sh;
			shellScript = "\"${SRCROOT}/Pods/Target Support Files/Pods-ZKKLineDemo/Pods-ZKKLineDemo-resources.sh\"\n";
			showEnvVarsInLog = 0;
		};
		67F4B18FF2A9D0C60926C60D /* [CP] Check Pods Manifest.lock */ = {
			isa = PBXShellScriptBuildPhase;
			buildActionMask = 2147483647;
			files = (
			);
			inputPaths = (
			);
			name = "[CP] Check Pods Manifest.lock";
			outputPaths = (
			);
			runOnlyForDeploymentPostprocessing = 0;
			shellPath = /bin/sh;
			shellScript = "diff \"${PODS_PODFILE_DIR_PATH}/Podfile.lock\" \"${PODS_ROOT}/Manifest.lock\" > /dev/null\nif [ $? != 0 ] ; then\n    # print error to STDERR\n    echo \"error: The sandbox is not in sync with the Podfile.lock. Run 'pod install' or update your CocoaPods installation.\" >&2\n    exit 1\nfi\n";
			showEnvVarsInLog = 0;
		};
		AA5EE229C3B869FAF26C1C5A /* [CP] Embed Pods Frameworks */ = {
			isa = PBXShellScriptBuildPhase;
			buildActionMask = 2147483647;
			files = (
			);
			inputPaths = (
			);
			name = "[CP] Embed Pods Frameworks";
			outputPaths = (
			);
			runOnlyForDeploymentPostprocessing = 0;
			shellPath = /bin/sh;
			shellScript = "\"${SRCROOT}/Pods/Target Support Files/Pods-ZKKLineDemo/Pods-ZKKLineDemo-frameworks.sh\"\n";
			showEnvVarsInLog = 0;
		};
/* End PBXShellScriptBuildPhase section */

/* Begin PBXSourcesBuildPhase section */
		58F9789C1F38182000C756E4 /* Sources */ = {
			isa = PBXSourcesBuildPhase;
			buildActionMask = 2147483647;
			files = (
				58F978A81F38182000C756E4 /* AppDelegate.m in Sources */,
				58F978BC1F38186800C756E4 /* ZKRootViewController.m in Sources */,
				58F979711F38304000C756E4 /* StatusView.m in Sources */,
				58F9796A1F38304000C756E4 /* Global+Helper.m in Sources */,
				58F979751F38304000C756E4 /* VolumnView.m in Sources */,
				58F9796E1F38304000C756E4 /* KLineChartView.m in Sources */,
				58F979731F38304000C756E4 /* TLineChartView.m in Sources */,
				58F979721F38304000C756E4 /* TipBoardView.m in Sources */,
				58DEA0C61F4C0109008199F0 /* MCKLineVolumePositionModel.m in Sources */,
				58F979701F38304000C756E4 /* MATipView.m in Sources */,
				58DEA0C71F4C0109008199F0 /* MCKLineModel.m in Sources */,
				58DEA0D01F4C0179008199F0 /* UIColor+Y_StockChart.m in Sources */,
				58DEA0C81F4C0109008199F0 /* MCKLineGroupModel.m in Sources */,
				58DEA0CF1F4C0175008199F0 /* Y_StockChartGlobalVariable.m in Sources */,
				58F979741F38304000C756E4 /* TLineTipBoardView.m in Sources */,
				58F9796C1F38304000C756E4 /* KLineListTransformer.m in Sources */,
				58F9796D1F38304000C756E4 /* ZKKLineItem.m in Sources */,
				58B5F5BC1F3AE546008DED7E /* UIView+Addition.m in Sources */,
				58F978A51F38182000C756E4 /* main.m in Sources */,
				58F9796F1F38304000C756E4 /* KLineTipBoardView.m in Sources */,
				58DEA0C51F4C0109008199F0 /* MCKLinePositionModel.m in Sources */,
				58B5F5BB1F3AE544008DED7E /* UIBezierPath+curved.m in Sources */,
			);
			runOnlyForDeploymentPostprocessing = 0;
		};
/* End PBXSourcesBuildPhase section */

/* Begin PBXVariantGroup section */
		58F978B11F38182000C756E4 /* LaunchScreen.storyboard */ = {
			isa = PBXVariantGroup;
			children = (
				58F978B21F38182000C756E4 /* Base */,
			);
			name = LaunchScreen.storyboard;
			sourceTree = "<group>";
		};
/* End PBXVariantGroup section */

/* Begin XCBuildConfiguration section */
		58F978B51F38182000C756E4 /* Debug */ = {
			isa = XCBuildConfiguration;
			buildSettings = {
				ALWAYS_SEARCH_USER_PATHS = NO;
				CLANG_ANALYZER_NONNULL = YES;
				CLANG_ANALYZER_NUMBER_OBJECT_CONVERSION = YES_AGGRESSIVE;
				CLANG_CXX_LANGUAGE_STANDARD = "gnu++0x";
				CLANG_CXX_LIBRARY = "libc++";
				CLANG_ENABLE_MODULES = YES;
				CLANG_ENABLE_OBJC_ARC = YES;
				CLANG_WARN_BOOL_CONVERSION = YES;
				CLANG_WARN_CONSTANT_CONVERSION = YES;
				CLANG_WARN_DIRECT_OBJC_ISA_USAGE = YES_ERROR;
				CLANG_WARN_DOCUMENTATION_COMMENTS = YES;
				CLANG_WARN_EMPTY_BODY = YES;
				CLANG_WARN_ENUM_CONVERSION = YES;
				CLANG_WARN_INFINITE_RECURSION = YES;
				CLANG_WARN_INT_CONVERSION = YES;
				CLANG_WARN_OBJC_ROOT_CLASS = YES_ERROR;
				CLANG_WARN_SUSPICIOUS_MOVE = YES;
				CLANG_WARN_UNREACHABLE_CODE = YES;
				CLANG_WARN__DUPLICATE_METHOD_MATCH = YES;
				"CODE_SIGN_IDENTITY[sdk=iphoneos*]" = "iPhone Developer";
				COPY_PHASE_STRIP = NO;
				DEBUG_INFORMATION_FORMAT = dwarf;
				ENABLE_STRICT_OBJC_MSGSEND = YES;
				ENABLE_TESTABILITY = YES;
				GCC_C_LANGUAGE_STANDARD = gnu99;
				GCC_DYNAMIC_NO_PIC = NO;
				GCC_NO_COMMON_BLOCKS = YES;
				GCC_OPTIMIZATION_LEVEL = 0;
				GCC_PREPROCESSOR_DEFINITIONS = (
					"DEBUG=1",
					"$(inherited)",
				);
				GCC_WARN_64_TO_32_BIT_CONVERSION = YES;
				GCC_WARN_ABOUT_RETURN_TYPE = YES_ERROR;
				GCC_WARN_UNDECLARED_SELECTOR = YES;
				GCC_WARN_UNINITIALIZED_AUTOS = YES_AGGRESSIVE;
				GCC_WARN_UNUSED_FUNCTION = YES;
				GCC_WARN_UNUSED_VARIABLE = YES;
				IPHONEOS_DEPLOYMENT_TARGET = 10.3;
				MTL_ENABLE_DEBUG_INFO = YES;
				ONLY_ACTIVE_ARCH = YES;
				SDKROOT = iphoneos;
			};
			name = Debug;
		};
		58F978B61F38182000C756E4 /* Release */ = {
			isa = XCBuildConfiguration;
			buildSettings = {
				ALWAYS_SEARCH_USER_PATHS = NO;
				CLANG_ANALYZER_NONNULL = YES;
				CLANG_ANALYZER_NUMBER_OBJECT_CONVERSION = YES_AGGRESSIVE;
				CLANG_CXX_LANGUAGE_STANDARD = "gnu++0x";
				CLANG_CXX_LIBRARY = "libc++";
				CLANG_ENABLE_MODULES = YES;
				CLANG_ENABLE_OBJC_ARC = YES;
				CLANG_WARN_BOOL_CONVERSION = YES;
				CLANG_WARN_CONSTANT_CONVERSION = YES;
				CLANG_WARN_DIRECT_OBJC_ISA_USAGE = YES_ERROR;
				CLANG_WARN_DOCUMENTATION_COMMENTS = YES;
				CLANG_WARN_EMPTY_BODY = YES;
				CLANG_WARN_ENUM_CONVERSION = YES;
				CLANG_WARN_INFINITE_RECURSION = YES;
				CLANG_WARN_INT_CONVERSION = YES;
				CLANG_WARN_OBJC_ROOT_CLASS = YES_ERROR;
				CLANG_WARN_SUSPICIOUS_MOVE = YES;
				CLANG_WARN_UNREACHABLE_CODE = YES;
				CLANG_WARN__DUPLICATE_METHOD_MATCH = YES;
				"CODE_SIGN_IDENTITY[sdk=iphoneos*]" = "iPhone Developer";
				COPY_PHASE_STRIP = NO;
				DEBUG_INFORMATION_FORMAT = "dwarf-with-dsym";
				ENABLE_NS_ASSERTIONS = NO;
				ENABLE_STRICT_OBJC_MSGSEND = YES;
				GCC_C_LANGUAGE_STANDARD = gnu99;
				GCC_NO_COMMON_BLOCKS = YES;
				GCC_WARN_64_TO_32_BIT_CONVERSION = YES;
				GCC_WARN_ABOUT_RETURN_TYPE = YES_ERROR;
				GCC_WARN_UNDECLARED_SELECTOR = YES;
				GCC_WARN_UNINITIALIZED_AUTOS = YES_AGGRESSIVE;
				GCC_WARN_UNUSED_FUNCTION = YES;
				GCC_WARN_UNUSED_VARIABLE = YES;
				IPHONEOS_DEPLOYMENT_TARGET = 10.3;
				MTL_ENABLE_DEBUG_INFO = NO;
				SDKROOT = iphoneos;
				VALIDATE_PRODUCT = YES;
			};
			name = Release;
		};
		58F978B81F38182000C756E4 /* Debug */ = {
			isa = XCBuildConfiguration;
			baseConfigurationReference = ED8965BAFB928DF0A7BF814B /* Pods-ZKKLineDemo.debug.xcconfig */;
			buildSettings = {
				ASSETCATALOG_COMPILER_APPICON_NAME = AppIcon;
				DEVELOPMENT_TEAM = TE2958KSXV;
				INFOPLIST_FILE = ZKKLineDemo/Info.plist;
				IPHONEOS_DEPLOYMENT_TARGET = 8.0;
				LD_RUNPATH_SEARCH_PATHS = "$(inherited) @executable_path/Frameworks";
				PRODUCT_BUNDLE_IDENTIFIER = com.moca.ZKKLineDemo;
				PRODUCT_NAME = "$(TARGET_NAME)";
			};
			name = Debug;
		};
		58F978B91F38182000C756E4 /* Release */ = {
			isa = XCBuildConfiguration;
			baseConfigurationReference = 07F17BE73EFFA96CC6DB34EA /* Pods-ZKKLineDemo.release.xcconfig */;
			buildSettings = {
				ASSETCATALOG_COMPILER_APPICON_NAME = AppIcon;
				DEVELOPMENT_TEAM = TE2958KSXV;
				INFOPLIST_FILE = ZKKLineDemo/Info.plist;
				IPHONEOS_DEPLOYMENT_TARGET = 8.0;
				LD_RUNPATH_SEARCH_PATHS = "$(inherited) @executable_path/Frameworks";
				PRODUCT_BUNDLE_IDENTIFIER = com.moca.ZKKLineDemo;
				PRODUCT_NAME = "$(TARGET_NAME)";
			};
			name = Release;
		};
/* End XCBuildConfiguration section */

/* Begin XCConfigurationList section */
		58F9789B1F38182000C756E4 /* Build configuration list for PBXProject "ZKKLineDemo" */ = {
			isa = XCConfigurationList;
			buildConfigurations = (
				58F978B51F38182000C756E4 /* Debug */,
				58F978B61F38182000C756E4 /* Release */,
			);
			defaultConfigurationIsVisible = 0;
			defaultConfigurationName = Release;
		};
		58F978B71F38182000C756E4 /* Build configuration list for PBXNativeTarget "ZKKLineDemo" */ = {
			isa = XCConfigurationList;
			buildConfigurations = (
				58F978B81F38182000C756E4 /* Debug */,
				58F978B91F38182000C756E4 /* Release */,
			);
			defaultConfigurationIsVisible = 0;
			defaultConfigurationName = Release;
		};
/* End XCConfigurationList section */
	};
	rootObject = 58F978981F38182000C756E4 /* Project object */;
}
